{
    "_meta": {
        "hash": {
            "sha256": "ba974cb4dff4a9cea1fb23c37b2d1fdb0cdfbcb1214ea537afefc66e2a579997"
        },
        "requires": {},
        "sources": [
            {
                "name": "pypi",
                "url": "https://pypi.python.org/simple",
                "verify_ssl": true
            }
        ]
    },
    "default": {
        "apiai": {
            "version": "==1.2.3"
        },
        "certifi": {
            "version": "==2017.11.5"
        },
        "chardet": {
            "version": "==3.0.4"
        },
        "coreapi": {
            "version": "==2.3.3"
        },
        "coreschema": {
            "version": "==0.0.4"
        },
        "dj-database-url": {
            "version": "==0.4.2"
        },
        "django": {
            "version": "==2.0.2"
        },
        "django-cors-headers": {
            "version": "==2.1.0"
        },
        "django-crispy-forms": {
            "version": "==1.7.0"
        },
        "django-filter": {
            "version": "==1.1.0"
        },
        "djangorestframework": {
            "version": "==3.7.3"
        },
        "djangorestframework-jwt": {
            "version": "==1.11.0"
        },
        "gunicorn": {
            "version": "==19.7.1"
        },
        "idna": {
            "version": "==2.6"
        },
        "itypes": {
            "version": "==1.1.0"
        },
        "jinja2": {
            "version": "==2.10"
        },
        "markdown": {
            "version": "==2.6.9"
        },
        "markupsafe": {
            "version": "==1.0"
        },
        "psycopg2": {
            "version": "==2.7.3.2"
        },
        "pygments": {
            "version": "==2.2.0"
        },
        "pyjwt": {
            "version": "==1.5.3"
        },
        "python-decouple": {
            "version": "==3.1"
        },
        "pytz": {
            "version": "==2017.3"
        },
        "requests": {
            "version": "==2.18.4"
        },
        "uritemplate": {
            "version": "==3.0.0"
        },
        "urllib3": {
            "version": "==1.22"
        },
        "whitenoise": {
            "version": "==3.3.1"
        }
    },
    "develop": {}
}